
Microsoft Visual Studio Solution File, Format Version 12.00
# Visual Studio 2012
Project("{FAE04EC0-301F-11D3-BF4B-00C04F79EFBC}") = "Database Dragon 2.0", "Database Dragon 2.0\Database Dragon 2.0.csproj", "{81B8E6B3-2079-402F-9C54-2E661A322F13}"
EndProject
Global
	GlobalSection(SolutionConfigurationPlatforms) = preSolution
		Debug|Any CPU = Debug|Any CPU
		Release|Any CPU = Release|Any CPU
	EndGlobalSection
	GlobalSection(ProjectConfigurationPlatforms) = postSolution
		{81B8E6B3-2079-402F-9C54-2E661A322F13}.Debug|Any CPU.ActiveCfg = Debug|Any CPU
		{81B8E6B3-2079-402F-9C54-2E661A322F13}.Debug|Any CPU.Build.0 = Debug|Any CPU
		{81B8E6B3-2079-402F-9C54-2E661A322F13}.Release|Any CPU.ActiveCfg = Release|Any CPU
		{81B8E6B3-2079-402F-9C54-2E661A322F13}.Release|Any CPU.Build.0 = Release|Any CPU
	EndGlobalSection
	GlobalSection(SolutionProperties) = preSolution
		HideSolutionNode = FALSE
	EndGlobalSection
EndGlobal
