
Microsoft Visual Studio Solution File, Format Version 12.00
# Visual Studio 2012
Project("{FAE04EC0-301F-11D3-BF4B-00C04F79EFBC}") = "Database Trivia Game", "Database Trivia Game\Database Trivia Game.csproj", "{B81B4AC4-317D-46A4-8E6E-0A30317D1BE1}"
EndProject
Global
	GlobalSection(SolutionConfigurationPlatforms) = preSolution
		Debug|Any CPU = Debug|Any CPU
		Release|Any CPU = Release|Any CPU
	EndGlobalSection
	GlobalSection(ProjectConfigurationPlatforms) = postSolution
		{B81B4AC4-317D-46A4-8E6E-0A30317D1BE1}.Debug|Any CPU.ActiveCfg = Debug|Any CPU
		{B81B4AC4-317D-46A4-8E6E-0A30317D1BE1}.Debug|Any CPU.Build.0 = Debug|Any CPU
		{B81B4AC4-317D-46A4-8E6E-0A30317D1BE1}.Release|Any CPU.ActiveCfg = Release|Any CPU
		{B81B4AC4-317D-46A4-8E6E-0A30317D1BE1}.Release|Any CPU.Build.0 = Release|Any CPU
	EndGlobalSection
	GlobalSection(SolutionProperties) = preSolution
		HideSolutionNode = FALSE
	EndGlobalSection
EndGlobal
